
Microsoft Visual Studio Solution File, Format Version 12.00
# Visual Studio Version 17
VisualStudioVersion = 17.14.36930.0 d17.14
MinimumVisualStudioVersion = 10.0.40219.1
Project("{FAE04EC0-301F-11D3-BF4B-00C04F79EFBC}") = "Cas01", "Cas01\Cas01.csproj", "{56514409-54AC-43B4-874D-A68169F5A23C}"
EndProject
Global
	GlobalSection(SolutionConfigurationPlatforms) = preSolution
		Debug|Any CPU = Debug|Any CPU
		Release|Any CPU = Release|Any CPU
	EndGlobalSection
	GlobalSection(ProjectConfigurationPlatforms) = postSolution
		{56514409-54AC-43B4-874D-A68169F5A23C}.Debug|Any CPU.ActiveCfg = Debug|Any CPU
		{56514409-54AC-43B4-874D-A68169F5A23C}.Debug|Any CPU.Build.0 = Debug|Any CPU
		{56514409-54AC-43B4-874D-A68169F5A23C}.Release|Any CPU.ActiveCfg = Release|Any CPU
		{56514409-54AC-43B4-874D-A68169F5A23C}.Release|Any CPU.Build.0 = Release|Any CPU
	EndGlobalSection
	GlobalSection(SolutionProperties) = preSolution
		HideSolutionNode = FALSE
	EndGlobalSection
	GlobalSection(ExtensibilityGlobals) = postSolution
		SolutionGuid = {92B20FF6-433D-4354-99FD-056284BA075D}
	EndGlobalSection
EndGlobal
