
Microsoft Visual Studio Solution File, Format Version 12.00
# Visual Studio Version 17
VisualStudioVersion = 17.14.36930.0 d17.14
MinimumVisualStudioVersion = 10.0.40219.1
Project("{FAE04EC0-301F-11D3-BF4B-00C04F79EFBC}") = "Concept01", "Concept01\Concept01.csproj", "{D24CA3BE-D977-4007-BD18-874A139AD7D1}"
EndProject
Project("{FAE04EC0-301F-11D3-BF4B-00C04F79EFBC}") = "Concept02", "Concept02\Concept02.csproj", "{9A05E712-DC39-435E-807F-7CE0214910B2}"
EndProject
Global
	GlobalSection(SolutionConfigurationPlatforms) = preSolution
		Debug|Any CPU = Debug|Any CPU
		Release|Any CPU = Release|Any CPU
	EndGlobalSection
	GlobalSection(ProjectConfigurationPlatforms) = postSolution
		{D24CA3BE-D977-4007-BD18-874A139AD7D1}.Debug|Any CPU.ActiveCfg = Debug|Any CPU
		{D24CA3BE-D977-4007-BD18-874A139AD7D1}.Debug|Any CPU.Build.0 = Debug|Any CPU
		{D24CA3BE-D977-4007-BD18-874A139AD7D1}.Release|Any CPU.ActiveCfg = Release|Any CPU
		{D24CA3BE-D977-4007-BD18-874A139AD7D1}.Release|Any CPU.Build.0 = Release|Any CPU
		{9A05E712-DC39-435E-807F-7CE0214910B2}.Debug|Any CPU.ActiveCfg = Debug|Any CPU
		{9A05E712-DC39-435E-807F-7CE0214910B2}.Debug|Any CPU.Build.0 = Debug|Any CPU
		{9A05E712-DC39-435E-807F-7CE0214910B2}.Release|Any CPU.ActiveCfg = Release|Any CPU
		{9A05E712-DC39-435E-807F-7CE0214910B2}.Release|Any CPU.Build.0 = Release|Any CPU
	EndGlobalSection
	GlobalSection(SolutionProperties) = preSolution
		HideSolutionNode = FALSE
	EndGlobalSection
	GlobalSection(ExtensibilityGlobals) = postSolution
		SolutionGuid = {8C9C88FA-92C9-48EA-BA7B-E577DB066CEF}
	EndGlobalSection
EndGlobal
